
Microsoft Visual Studio Solution File, Format Version 12.00
# Visual Studio 15
VisualStudioVersion = 15.0.28307.271
MinimumVisualStudioVersion = 10.0.40219.1
Project("{FAE04EC0-301F-11D3-BF4B-00C04F79EFBC}") = "TelegramLoggingService", "TelegramLoggingService\TelegramLoggingService.csproj", "{6A413B74-3123-49EB-8C8F-28CC22A32645}"
EndProject
Global
	GlobalSection(SolutionConfigurationPlatforms) = preSolution
		Debug|Any CPU = Debug|Any CPU
		Release|Any CPU = Release|Any CPU
	EndGlobalSection
	GlobalSection(ProjectConfigurationPlatforms) = postSolution
		{6A413B74-3123-49EB-8C8F-28CC22A32645}.Debug|Any CPU.ActiveCfg = Debug|Any CPU
		{6A413B74-3123-49EB-8C8F-28CC22A32645}.Debug|Any CPU.Build.0 = Debug|Any CPU
		{6A413B74-3123-49EB-8C8F-28CC22A32645}.Release|Any CPU.ActiveCfg = Release|Any CPU
		{6A413B74-3123-49EB-8C8F-28CC22A32645}.Release|Any CPU.Build.0 = Release|Any CPU
	EndGlobalSection
	GlobalSection(SolutionProperties) = preSolution
		HideSolutionNode = FALSE
	EndGlobalSection
	GlobalSection(ExtensibilityGlobals) = postSolution
		SolutionGuid = {53583960-A2E3-4EEE-843B-4D745F56C236}
	EndGlobalSection
EndGlobal
